
Microsoft Visual Studio Solution File, Format Version 12.00
# Visual Studio Version 17
VisualStudioVersion = 17.11.35208.52
MinimumVisualStudioVersion = 10.0.40219.1
Project("{FAE04EC0-301F-11D3-BF4B-00C04F79EFBC}") = "OnlineLibrary.Server", "OnlineLibrary.Server\OnlineLibrary.Server.csproj", "{BC106077-3150-4AB8-9D7D-9451D59517DC}"
EndProject
Project("{54A90642-561A-4BB1-A94E-469ADEE60C69}") = "onlinelibrary.client", "onlinelibrary.client\onlinelibrary.client.esproj", "{4F30BE72-C7F1-4BE3-BE9B-752464CA5415}"
EndProject
Global
	GlobalSection(SolutionConfigurationPlatforms) = preSolution
		Debug|Any CPU = Debug|Any CPU
		Release|Any CPU = Release|Any CPU
	EndGlobalSection
	GlobalSection(ProjectConfigurationPlatforms) = postSolution
		{BC106077-3150-4AB8-9D7D-9451D59517DC}.Debug|Any CPU.ActiveCfg = Debug|Any CPU
		{BC106077-3150-4AB8-9D7D-9451D59517DC}.Debug|Any CPU.Build.0 = Debug|Any CPU
		{BC106077-3150-4AB8-9D7D-9451D59517DC}.Release|Any CPU.ActiveCfg = Release|Any CPU
		{BC106077-3150-4AB8-9D7D-9451D59517DC}.Release|Any CPU.Build.0 = Release|Any CPU
		{4F30BE72-C7F1-4BE3-BE9B-752464CA5415}.Debug|Any CPU.ActiveCfg = Debug|Any CPU
		{4F30BE72-C7F1-4BE3-BE9B-752464CA5415}.Debug|Any CPU.Build.0 = Debug|Any CPU
		{4F30BE72-C7F1-4BE3-BE9B-752464CA5415}.Debug|Any CPU.Deploy.0 = Debug|Any CPU
		{4F30BE72-C7F1-4BE3-BE9B-752464CA5415}.Release|Any CPU.ActiveCfg = Release|Any CPU
		{4F30BE72-C7F1-4BE3-BE9B-752464CA5415}.Release|Any CPU.Build.0 = Release|Any CPU
		{4F30BE72-C7F1-4BE3-BE9B-752464CA5415}.Release|Any CPU.Deploy.0 = Release|Any CPU
	EndGlobalSection
	GlobalSection(SolutionProperties) = preSolution
		HideSolutionNode = FALSE
	EndGlobalSection
	GlobalSection(ExtensibilityGlobals) = postSolution
		SolutionGuid = {777C73ED-140E-4D88-AA7C-859D0CFD1CC4}
	EndGlobalSection
EndGlobal
